
Microsoft Visual Studio Solution File, Format Version 12.00
# Visual Studio Version 17
VisualStudioVersion = 17.6.33829.357
MinimumVisualStudioVersion = 10.0.40219.1
Project("{9A19103F-16F7-4668-BE54-9A1E7A4F7556}") = "CleanObjBinFolder", "CleanObjBinFolder\CleanObjBinFolder.csproj", "{8977E589-AF26-4E7E-94BA-CD9414309E9A}"
EndProject
Project("{FAE04EC0-301F-11D3-BF4B-00C04F79EFBC}") = "CleanObjBinFolderTest", "CleanObjBinFolderTest\CleanObjBinFolderTest.csproj", "{0EC5AA7F-A858-41F7-A2AD-974677433DC5}"
EndProject
Global
	GlobalSection(SolutionConfigurationPlatforms) = preSolution
		Debug|Any CPU = Debug|Any CPU
		Release|Any CPU = Release|Any CPU
	EndGlobalSection
	GlobalSection(ProjectConfigurationPlatforms) = postSolution
		{8977E589-AF26-4E7E-94BA-CD9414309E9A}.Debug|Any CPU.ActiveCfg = Debug|Any CPU
		{8977E589-AF26-4E7E-94BA-CD9414309E9A}.Debug|Any CPU.Build.0 = Debug|Any CPU
		{8977E589-AF26-4E7E-94BA-CD9414309E9A}.Release|Any CPU.ActiveCfg = Release|Any CPU
		{8977E589-AF26-4E7E-94BA-CD9414309E9A}.Release|Any CPU.Build.0 = Release|Any CPU
		{0EC5AA7F-A858-41F7-A2AD-974677433DC5}.Debug|Any CPU.ActiveCfg = Debug|Any CPU
		{0EC5AA7F-A858-41F7-A2AD-974677433DC5}.Debug|Any CPU.Build.0 = Debug|Any CPU
		{0EC5AA7F-A858-41F7-A2AD-974677433DC5}.Release|Any CPU.ActiveCfg = Release|Any CPU
		{0EC5AA7F-A858-41F7-A2AD-974677433DC5}.Release|Any CPU.Build.0 = Release|Any CPU
	EndGlobalSection
	GlobalSection(SolutionProperties) = preSolution
		HideSolutionNode = FALSE
	EndGlobalSection
	GlobalSection(ExtensibilityGlobals) = postSolution
		SolutionGuid = {F2B4DCB8-67B4-481A-B9F7-7A147A87D727}
	EndGlobalSection
EndGlobal
